schema: '2.0'
stages:
  prepare:
    cmd: uv run python src/main.py prepare
    deps:
    - path: data/measurements.csv
      hash: md5
      md5: a8fd7b4f0d6d1bc4e378a8f76c5fff0c
      size: 31750
    - path: reports/validation.json
      hash: md5
      md5: a93c68efa227920689933ab1a8130a2f
      size: 595
    - path: src/week_05_data_validation/data.py
      hash: md5
      md5: c9181e3a203c781f33a420459567c2db
      size: 2579
    - path: src/week_05_data_validation/pipeline.py
      hash: md5
      md5: 8748d795fc57aab389b8545c84494833
      size: 9130
    params:
      params.yaml:
        prepare.test_size: 0.25
        random_seed: 42
    outs:
    - path: data/processed/test.csv
      hash: md5
      md5: c0893fb60844c5f31b0f5b7c2e9df865
      size: 8041
    - path: data/processed/train.csv
      hash: md5
      md5: d9eba76cf921c13f5af2032d09a12f35
      size: 23818
  train:
    cmd: uv run python src/main.py train
    deps:
    - path: data/processed/train.csv
      hash: md5
      md5: d9eba76cf921c13f5af2032d09a12f35
      size: 23818
    - path: src/week_05_data_validation/dvc_link.py
      hash: md5
      md5: f26f1f0e742f88a463e6ccbbb6d891e3
      size: 3344
    - path: src/week_05_data_validation/model.py
      hash: md5
      md5: 89a358d7f2319ca5269eb3ce3b0b7dc9
      size: 3237
    - path: src/week_05_data_validation/pipeline.py
      hash: md5
      md5: 8748d795fc57aab389b8545c84494833
      size: 9130
    - path: src/week_05_data_validation/schemas.py
      hash: md5
      md5: 8c3ff524733c89835e1775f3559b9ef2
      size: 4841
    - path: src/week_05_data_validation/validation.py
      hash: md5
      md5: fa0335e07341ff614c7b3d2ac9fa5e2c
      size: 5751
    params:
      params.yaml:
        random_seed: 42
        train.C: 1.0
        train.family: logreg
        train.impute_strategy: mean
        train.max_iter: 1000
    outs:
    - path: models/mlflow_run_id.json
      hash: md5
      md5: ea94c2a26e0109af4ae58b16243f3b55
      size: 50
    - path: models/model.pkl
      hash: md5
      md5: 94e7bc370edc88950bdc72e184b84377
      size: 2273
  evaluate:
    cmd: uv run python src/main.py evaluate
    deps:
    - path: data/processed/test.csv
      hash: md5
      md5: c0893fb60844c5f31b0f5b7c2e9df865
      size: 8041
    - path: models/mlflow_run_id.json
      hash: md5
      md5: ea94c2a26e0109af4ae58b16243f3b55
      size: 50
    - path: models/model.pkl
      hash: md5
      md5: 94e7bc370edc88950bdc72e184b84377
      size: 2273
    - path: src/week_05_data_validation/model.py
      hash: md5
      md5: 89a358d7f2319ca5269eb3ce3b0b7dc9
      size: 3237
    - path: src/week_05_data_validation/pipeline.py
      hash: md5
      md5: 8748d795fc57aab389b8545c84494833
      size: 9130
    - path: src/week_05_data_validation/schemas.py
      hash: md5
      md5: 8c3ff524733c89835e1775f3559b9ef2
      size: 4841
    - path: src/week_05_data_validation/validation.py
      hash: md5
      md5: fa0335e07341ff614c7b3d2ac9fa5e2c
      size: 5751
    outs:
    - path: metrics/metrics.json
      hash: md5
      md5: 436bcdc5c19f2d92b5611932b25aa989
      size: 110
  validate:
    cmd: uv run python src/main.py validate
    deps:
    - path: data/measurements.csv
      hash: md5
      md5: a8fd7b4f0d6d1bc4e378a8f76c5fff0c
      size: 31750
    - path: src/week_05_data_validation/pipeline.py
      hash: md5
      md5: 8748d795fc57aab389b8545c84494833
      size: 9130
    - path: src/week_05_data_validation/schemas.py
      hash: md5
      md5: 8c3ff524733c89835e1775f3559b9ef2
      size: 4841
    - path: src/week_05_data_validation/validation.py
      hash: md5
      md5: fa0335e07341ff614c7b3d2ac9fa5e2c
      size: 5751
    outs:
    - path: reports/validation.json
      hash: md5
      md5: a93c68efa227920689933ab1a8130a2f
      size: 595
